{
  "name": "dotted-map-generator",
  "version": "1.0.0",
  "lockfileVersion": 1,
  "requires": true,
  "dependencies": {
    "mgrs": {
      "version": "1.0.0",
      "resolved": "https://registry.npmjs.org/mgrs/-/mgrs-1.0.0.tgz",
      "integrity": "sha1-+5FYjnjJACVnI5XLQLJffNatGCk="
    },
    "point-in-geopolygon": {
      "version": "1.0.1",
      "resolved": "https://registry.npmjs.org/point-in-geopolygon/-/point-in-geopolygon-1.0.1.tgz",
      "integrity": "sha1-InEbCCna4qpXyTk/Mw2//jEfb90="
    },
    "prettier": {
      "version": "2.0.5",
      "resolved": "https://registry.npmjs.org/prettier/-/prettier-2.0.5.tgz",
      "integrity": "sha512-7PtVymN48hGcO4fGjybyBSIWDsLU4H4XlvOHfq91pz9kkGlonzwTfYkaIEwiRg/dAJF9YlbsduBAgtYLi+8cFg==",
      "dev": true
    },
    "proj4": {
      "version": "2.6.1",
      "resolved": "https://registry.npmjs.org/proj4/-/proj4-2.6.1.tgz",
      "integrity": "sha512-RP5EcrfrLcARy+Zjjz1wIeqZzZdPtQNl685asHcwdU/MQ/dvydmf1XWM4mgok6wPaNsXZ8IFrM4qadO3g46PiQ==",
      "requires": {
        "mgrs": "1.0.0",
        "wkt-parser": "^1.2.4"
      }
    },
    "wkt-parser": {
      "version": "1.2.4",
      "resolved": "https://registry.npmjs.org/wkt-parser/-/wkt-parser-1.2.4.tgz",
      "integrity": "sha512-ZzKnc7ml/91fOPh5bANBL4vUlWPIYYv11waCtWTkl2TRN+LEmBg60Q1MA8gqV4hEp4MGfSj9JiHz91zw/gTDXg=="
    }
  }
}
